
Microsoft Visual Studio Solution File, Format Version 12.00
# Visual Studio Version 16
VisualStudioVersion = 16.0.31424.327
MinimumVisualStudioVersion = 10.0.40219.1
Project("{FAE04EC0-301F-11D3-BF4B-00C04F79EFBC}") = "ERPsystem.DAL", "ERPsystem.DAL\ERPsystem.DAL.csproj", "{2A012083-3478-488E-A5A7-DD2936510F13}"
EndProject
Project("{FAE04EC0-301F-11D3-BF4B-00C04F79EFBC}") = "ERPsystem.BL", "ERPsystem.BL\ERPsystem.BL.csproj", "{131EABA5-28C0-42A1-8565-3CDCC4B95220}"
EndProject
Project("{FAE04EC0-301F-11D3-BF4B-00C04F79EFBC}") = "ERPsystem.WebApi", "ERPsystem.WebApi\ERPsystem.WebApi.csproj", "{B86CDC37-B8B9-448E-B48F-FB3C425825BF}"
EndProject
Global
	GlobalSection(SolutionConfigurationPlatforms) = preSolution
		Debug|Any CPU = Debug|Any CPU
		Release|Any CPU = Release|Any CPU
	EndGlobalSection
	GlobalSection(ProjectConfigurationPlatforms) = postSolution
		{2A012083-3478-488E-A5A7-DD2936510F13}.Debug|Any CPU.ActiveCfg = Debug|Any CPU
		{2A012083-3478-488E-A5A7-DD2936510F13}.Debug|Any CPU.Build.0 = Debug|Any CPU
		{2A012083-3478-488E-A5A7-DD2936510F13}.Release|Any CPU.ActiveCfg = Release|Any CPU
		{2A012083-3478-488E-A5A7-DD2936510F13}.Release|Any CPU.Build.0 = Release|Any CPU
		{131EABA5-28C0-42A1-8565-3CDCC4B95220}.Debug|Any CPU.ActiveCfg = Debug|Any CPU
		{131EABA5-28C0-42A1-8565-3CDCC4B95220}.Debug|Any CPU.Build.0 = Debug|Any CPU
		{131EABA5-28C0-42A1-8565-3CDCC4B95220}.Release|Any CPU.ActiveCfg = Release|Any CPU
		{131EABA5-28C0-42A1-8565-3CDCC4B95220}.Release|Any CPU.Build.0 = Release|Any CPU
		{B86CDC37-B8B9-448E-B48F-FB3C425825BF}.Debug|Any CPU.ActiveCfg = Debug|Any CPU
		{B86CDC37-B8B9-448E-B48F-FB3C425825BF}.Debug|Any CPU.Build.0 = Debug|Any CPU
		{B86CDC37-B8B9-448E-B48F-FB3C425825BF}.Release|Any CPU.ActiveCfg = Release|Any CPU
		{B86CDC37-B8B9-448E-B48F-FB3C425825BF}.Release|Any CPU.Build.0 = Release|Any CPU
	EndGlobalSection
	GlobalSection(SolutionProperties) = preSolution
		HideSolutionNode = FALSE
	EndGlobalSection
	GlobalSection(ExtensibilityGlobals) = postSolution
		SolutionGuid = {B80CFC40-8696-4CCF-A303-D8E010E2256D}
	EndGlobalSection
EndGlobal
